
Microsoft Visual Studio Solution File, Format Version 12.00
# Visual Studio Version 17
VisualStudioVersion = 17.1.32407.343
MinimumVisualStudioVersion = 10.0.40219.1
Project("{9A19103F-16F7-4668-BE54-9A1E7A4F7556}") = "Adita.ComponentModel.DataAnnotations", "Adita.ComponentModel.DataAnnotations\Adita.ComponentModel.DataAnnotations.csproj", "{A0C4C144-8289-48DB-B4B4-B286B845F674}"
EndProject
Project("{FAE04EC0-301F-11D3-BF4B-00C04F79EFBC}") = "Adita.ComponentModel.DataAnnotations.Test", "Adita.ComponentModel.DataAnnotations.Test\Adita.ComponentModel.DataAnnotations.Test.csproj", "{C681E27A-CD32-4329-AD8D-21398191551A}"
EndProject
Global
	GlobalSection(SolutionConfigurationPlatforms) = preSolution
		Debug|Any CPU = Debug|Any CPU
		Release|Any CPU = Release|Any CPU
	EndGlobalSection
	GlobalSection(ProjectConfigurationPlatforms) = postSolution
		{A0C4C144-8289-48DB-B4B4-B286B845F674}.Debug|Any CPU.ActiveCfg = Debug|Any CPU
		{A0C4C144-8289-48DB-B4B4-B286B845F674}.Debug|Any CPU.Build.0 = Debug|Any CPU
		{A0C4C144-8289-48DB-B4B4-B286B845F674}.Release|Any CPU.ActiveCfg = Release|Any CPU
		{A0C4C144-8289-48DB-B4B4-B286B845F674}.Release|Any CPU.Build.0 = Release|Any CPU
		{C681E27A-CD32-4329-AD8D-21398191551A}.Debug|Any CPU.ActiveCfg = Debug|Any CPU
		{C681E27A-CD32-4329-AD8D-21398191551A}.Debug|Any CPU.Build.0 = Debug|Any CPU
		{C681E27A-CD32-4329-AD8D-21398191551A}.Release|Any CPU.ActiveCfg = Release|Any CPU
		{C681E27A-CD32-4329-AD8D-21398191551A}.Release|Any CPU.Build.0 = Release|Any CPU
	EndGlobalSection
	GlobalSection(SolutionProperties) = preSolution
		HideSolutionNode = FALSE
	EndGlobalSection
	GlobalSection(ExtensibilityGlobals) = postSolution
		SolutionGuid = {DF3B8756-4511-43ED-BB51-F0B0CD35DC6D}
	EndGlobalSection
EndGlobal
